<Solution>
  <Folder Name="/src/">
    <Project Path="src/Tempo.Blazor.Abstractions/Tempo.Blazor.Abstractions.csproj" />
    <Project Path="src/Tempo.Blazor.Demo.Shared/Tempo.Blazor.Demo.Shared.csproj" />
    <Project Path="src/Tempo.Blazor.Demo.SharedUI/Tempo.Blazor.Demo.SharedUI.csproj" />
    <Project Path="src/Tempo.Blazor.Demo/Tempo.Blazor.Demo.csproj" />
    <Project Path="src/Tempo.Blazor.Demo.Server/Tempo.Blazor.Demo.Server.csproj" />
    <Project Path="src/Tempo.Blazor.Demo.InteractiveAuto/Tempo.Blazor.Demo.InteractiveAuto/Tempo.Blazor.Demo.InteractiveAuto.csproj" />
    <Project Path="src/Tempo.Blazor.Demo.InteractiveAuto/Tempo.Blazor.Demo.InteractiveAuto.Client/Tempo.Blazor.Demo.InteractiveAuto.Client.csproj" />
    <Project Path="src/Tempo.Blazor.DataTableXlsx/Tempo.Blazor.DataTableXlsx.csproj" />
    <Project Path="src/Tempo.Blazor.Demo.Api/Tempo.Blazor.Demo.Api.csproj" />
    <Project Path="src/Tempo.Blazor.Collaboration/Tempo.Blazor.Collaboration.csproj" />
    <Project Path="src/Tempo.Blazor.DocumentEditor/Tempo.Blazor.DocumentEditor.csproj" />
    <Project Path="src/Tempo.Blazor.DocumentFormats/Tempo.Blazor.DocumentFormats.csproj" />
    <Project Path="src/Tempo.Blazor/Tempo.Blazor.csproj" />
    <Project Path="src/Tempo.Blazor.All/Tempo.Blazor.All.csproj" />
    <Project Path="src/Tempo.Blazor.Codes/Tempo.Blazor.Codes.csproj" />
    <Project Path="src/Tempo.Blazor.DiagramEditor/Tempo.Blazor.DiagramEditor.csproj" />
    <Project Path="src/Tempo.Blazor.GanttXlsx/Tempo.Blazor.GanttXlsx.csproj" />
    <Project Path="src/Tempo.Blazor.WebPush/Tempo.Blazor.WebPush.csproj" />
    <Project Path="src/Tempo.Blazor.Modeling/Tempo.Blazor.Modeling.csproj" />
    <Project Path="src/Tempo.Blazor.NotionEditor/Tempo.Blazor.NotionEditor.csproj" />
    <Project Path="src/Tempo.Blazor.Maps/Tempo.Blazor.Maps.csproj" />
    <Project Path="src/Tempo.Blazor.PdfViewer/Tempo.Blazor.PdfViewer.csproj" />
    <Project Path="src/Tempo.Blazor.Signing/Tempo.Blazor.Signing.csproj" />
    <Project Path="src/Tempo.Blazor.Spreadsheet/Tempo.Blazor.Spreadsheet.csproj" />
    <Project Path="src/Tempo.Blazor.Wireframe/Tempo.Blazor.Wireframe.csproj" />
    <Project Path="src/Tempo.Blazor.Reporting/Tempo.Blazor.Reporting.csproj" />
    <Project Path="src/Tempo.Blazor.FluentValidation/Tempo.Blazor.FluentValidation.csproj" />
    <Project Path="src/Tempo.Blazor.EmailTemplates.Abstractions/Tempo.Blazor.EmailTemplates.Abstractions.csproj" />
    <Project Path="src/Tempo.Blazor.EmailTemplates/Tempo.Blazor.EmailTemplates.csproj" />
    <Project Path="src/Tempo.Blazor.Mcp/Tempo.Blazor.Mcp.csproj" />
    <Project Path="src/Tempo.Reporting.Abstractions/Tempo.Reporting.Abstractions.csproj" />
    <Project Path="src/Tempo.Reporting.Engine/Tempo.Reporting.Engine.csproj" />
    <Project Path="src/Tempo.ReportServer.Api/Tempo.ReportServer.Api.csproj" />
    <Project Path="src/Tempo.ReportServer.Web/Tempo.ReportServer.Web.csproj" />
  </Folder>
  <Folder Name="/tests/">
    <Project Path="tests/Tempo.Blazor.E2E/Tempo.Blazor.E2E.csproj" />
    <Project Path="tests/Tempo.Blazor.Reporting.Tests/Tempo.Blazor.Reporting.Tests.csproj" />
    <Project Path="tests/Tempo.Blazor.Tests/Tempo.Blazor.Tests.csproj" />
    <Project Path="tests/Tempo.Blazor.Demo.Api.Tests/Tempo.Blazor.Demo.Api.Tests.csproj" />
    <Project Path="tests/Tempo.Blazor.DocumentFormats.Tests/Tempo.Blazor.DocumentFormats.Tests.csproj" />
    <Project Path="tests/Tempo.Blazor.FluentValidation.Tests/Tempo.Blazor.FluentValidation.Tests.csproj" />
    <Project Path="tests/Tempo.Blazor.EmailTemplates.Abstractions.Tests/Tempo.Blazor.EmailTemplates.Abstractions.Tests.csproj" />
    <Project Path="tests/Tempo.Blazor.EmailTemplates.Tests/Tempo.Blazor.EmailTemplates.Tests.csproj" />
    <Project Path="tests/Tempo.Blazor.Mcp.Tests/Tempo.Blazor.Mcp.Tests.csproj" />
    <Project Path="tests/Tempo.Reporting.Abstractions.Tests/Tempo.Reporting.Abstractions.Tests.csproj" />
    <Project Path="tests/Tempo.Reporting.Engine.Tests/Tempo.Reporting.Engine.Tests.csproj" />
    <Project Path="tests/Tempo.ReportServer.Api.Tests/Tempo.ReportServer.Api.Tests.csproj" />
    <Project Path="tests/Tempo.ReportServer.Web.Tests/Tempo.ReportServer.Web.Tests.csproj" />
  </Folder>
</Solution>
